{
  "name": "Covid-Tracker-Dashboard",
  "lockfileVersion": 2,
  "requires": true,
  "packages": {
    "": {
      "dependencies": {
        "simple-chart": "^1.0.1"
      }
    },
    "node_modules/hidpi-canvas": {
      "version": "1.0.10",
      "resolved": "https://registry.npmjs.org/hidpi-canvas/-/hidpi-canvas-1.0.10.tgz",
      "integrity": "sha1-0OmZlr9LkaTeETfod8rPF0cWYU0="
    },
    "node_modules/simple-chart": {
      "version": "1.0.1",
      "resolved": "https://registry.npmjs.org/simple-chart/-/simple-chart-1.0.1.tgz",
      "integrity": "sha512-hZF2s9WN580F6NpalzJK+fzNdyEVJA23SRg0lJaJV92TLqMhpDx+xAVsJ6fviEx0erN68pibdqM2QLCm/Y1Htw==",
      "dependencies": {
        "hidpi-canvas": "^1.0.10"
      }
    }
  },
  "dependencies": {
    "hidpi-canvas": {
      "version": "1.0.10",
      "resolved": "https://registry.npmjs.org/hidpi-canvas/-/hidpi-canvas-1.0.10.tgz",
      "integrity": "sha1-0OmZlr9LkaTeETfod8rPF0cWYU0="
    },
    "simple-chart": {
      "version": "1.0.1",
      "resolved": "https://registry.npmjs.org/simple-chart/-/simple-chart-1.0.1.tgz",
      "integrity": "sha512-hZF2s9WN580F6NpalzJK+fzNdyEVJA23SRg0lJaJV92TLqMhpDx+xAVsJ6fviEx0erN68pibdqM2QLCm/Y1Htw==",
      "requires": {
        "hidpi-canvas": "^1.0.10"
      }
    }
  }
}
